Microsoft Visual Studio Solution File, Format Version 12.00
# Visual Studio Version 17
VisualStudioVersion = 17.5.2.0
MinimumVisualStudioVersion = 10.0.40219.1
Project("{FAE04EC0-301F-11D3-BF4B-00C04F79EFBC}") = "backend_oppgave", "backend_oppgave.csproj", "{39755144-0371-DA1D-A968-D751E7A8D61C}"
EndProject
Global
	GlobalSection(SolutionConfigurationPlatforms) = preSolution
		Debug|Any CPU = Debug|Any CPU
		Release|Any CPU = Release|Any CPU
	EndGlobalSection
	GlobalSection(ProjectConfigurationPlatforms) = postSolution
		{39755144-0371-DA1D-A968-D751E7A8D61C}.Debug|Any CPU.ActiveCfg = Debug|Any CPU
		{39755144-0371-DA1D-A968-D751E7A8D61C}.Debug|Any CPU.Build.0 = Debug|Any CPU
		{39755144-0371-DA1D-A968-D751E7A8D61C}.Release|Any CPU.ActiveCfg = Release|Any CPU
		{39755144-0371-DA1D-A968-D751E7A8D61C}.Release|Any CPU.Build.0 = Release|Any CPU
	EndGlobalSection
	GlobalSection(SolutionProperties) = preSolution
		HideSolutionNode = FALSE
	EndGlobalSection
	GlobalSection(ExtensibilityGlobals) = postSolution
		SolutionGuid = {03F8EED7-ED2C-4AA0-880A-E9069D8A153F}
	EndGlobalSection
EndGlobal
